
Microsoft Visual Studio Solution File, Format Version 12.00
# Visual Studio Version 16
VisualStudioVersion = 16.0.28803.202
MinimumVisualStudioVersion = 10.0.40219.1
Project("{FAE04EC0-301F-11D3-BF4B-00C04F79EFBC}") = "TeachEasy", "TeachEasy.csproj", "{4518BA89-27DF-45A1-BB63-DDB28118877C}"
EndProject
Global
	GlobalSection(SolutionConfigurationPlatforms) = preSolution
		Debug|Any CPU = Debug|Any CPU
		Release|Any CPU = Release|Any CPU
	EndGlobalSection
	GlobalSection(ProjectConfigurationPlatforms) = postSolution
		{4518BA89-27DF-45A1-BB63-DDB28118877C}.Debug|Any CPU.ActiveCfg = Debug|Any CPU
		{4518BA89-27DF-45A1-BB63-DDB28118877C}.Debug|Any CPU.Build.0 = Debug|Any CPU
		{4518BA89-27DF-45A1-BB63-DDB28118877C}.Release|Any CPU.ActiveCfg = Release|Any CPU
		{4518BA89-27DF-45A1-BB63-DDB28118877C}.Release|Any CPU.Build.0 = Release|Any CPU
	EndGlobalSection
	GlobalSection(SolutionProperties) = preSolution
		HideSolutionNode = FALSE
	EndGlobalSection
	GlobalSection(ExtensibilityGlobals) = postSolution
		SolutionGuid = {289273BD-299D-4CE6-82E0-3059D5381E0A}
	EndGlobalSection
EndGlobal
